
Microsoft Visual Studio Solution File, Format Version 12.00
# Visual Studio Version 16
VisualStudioVersion = 16.0.32002.261
MinimumVisualStudioVersion = 10.0.40219.1
Project("{8BC9CEB8-8B4A-11D0-8D11-00A0C91BC942}") = "pm.dal", "pm.dal\pm.dal.vcxproj", "{17BFF230-FB31-44ED-B80C-370138DDF110}"
EndProject
Project("{8BC9CEB8-8B4A-11D0-8D11-00A0C91BC942}") = "pm.bll", "pm.bll\pm.bll.vcxproj", "{7905C599-9CCF-412E-90B0-59AFDE62B285}"
EndProject
Project("{8BC9CEB8-8B4A-11D0-8D11-00A0C91BC942}") = "pm.types", "pm.types\pm.types.vcxproj", "{64CA13E4-BE47-40A1-910C-4E42990B124C}"
EndProject
Project("{8BC9CEB8-8B4A-11D0-8D11-00A0C91BC942}") = "pm.tools", "pm.tools\pm.tools.vcxproj", "{C22C7FC5-5D0C-47B6-AB99-77186FD8430A}"
EndProject
Project("{8BC9CEB8-8B4A-11D0-8D11-00A0C91BC942}") = "pm.consoleApp", "pm.consoleApp\pm.consoleApp.vcxproj", "{C1BCD525-36D4-4E51-AA35-7B50D4DBEEFD}"
EndProject
Global
	GlobalSection(SolutionConfigurationPlatforms) = preSolution
		Debug|x64 = Debug|x64
		Debug|x86 = Debug|x86
		Release|x64 = Release|x64
		Release|x86 = Release|x86
	EndGlobalSection
	GlobalSection(ProjectConfigurationPlatforms) = postSolution
		{17BFF230-FB31-44ED-B80C-370138DDF110}.Debug|x64.ActiveCfg = Debug|x64
		{17BFF230-FB31-44ED-B80C-370138DDF110}.Debug|x64.Build.0 = Debug|x64
		{17BFF230-FB31-44ED-B80C-370138DDF110}.Debug|x86.ActiveCfg = Debug|Win32
		{17BFF230-FB31-44ED-B80C-370138DDF110}.Debug|x86.Build.0 = Debug|Win32
		{17BFF230-FB31-44ED-B80C-370138DDF110}.Release|x64.ActiveCfg = Release|x64
		{17BFF230-FB31-44ED-B80C-370138DDF110}.Release|x64.Build.0 = Release|x64
		{17BFF230-FB31-44ED-B80C-370138DDF110}.Release|x86.ActiveCfg = Release|Win32
		{17BFF230-FB31-44ED-B80C-370138DDF110}.Release|x86.Build.0 = Release|Win32
		{7905C599-9CCF-412E-90B0-59AFDE62B285}.Debug|x64.ActiveCfg = Debug|x64
		{7905C599-9CCF-412E-90B0-59AFDE62B285}.Debug|x64.Build.0 = Debug|x64
		{7905C599-9CCF-412E-90B0-59AFDE62B285}.Debug|x86.ActiveCfg = Debug|Win32
		{7905C599-9CCF-412E-90B0-59AFDE62B285}.Debug|x86.Build.0 = Debug|Win32
		{7905C599-9CCF-412E-90B0-59AFDE62B285}.Release|x64.ActiveCfg = Release|x64
		{7905C599-9CCF-412E-90B0-59AFDE62B285}.Release|x64.Build.0 = Release|x64
		{7905C599-9CCF-412E-90B0-59AFDE62B285}.Release|x86.ActiveCfg = Release|Win32
		{7905C599-9CCF-412E-90B0-59AFDE62B285}.Release|x86.Build.0 = Release|Win32
		{64CA13E4-BE47-40A1-910C-4E42990B124C}.Debug|x64.ActiveCfg = Debug|x64
		{64CA13E4-BE47-40A1-910C-4E42990B124C}.Debug|x64.Build.0 = Debug|x64
		{64CA13E4-BE47-40A1-910C-4E42990B124C}.Debug|x86.ActiveCfg = Debug|Win32
		{64CA13E4-BE47-40A1-910C-4E42990B124C}.Debug|x86.Build.0 = Debug|Win32
		{64CA13E4-BE47-40A1-910C-4E42990B124C}.Release|x64.ActiveCfg = Release|x64
		{64CA13E4-BE47-40A1-910C-4E42990B124C}.Release|x64.Build.0 = Release|x64
		{64CA13E4-BE47-40A1-910C-4E42990B124C}.Release|x86.ActiveCfg = Release|Win32
		{64CA13E4-BE47-40A1-910C-4E42990B124C}.Release|x86.Build.0 = Release|Win32
		{C22C7FC5-5D0C-47B6-AB99-77186FD8430A}.Debug|x64.ActiveCfg = Debug|x64
		{C22C7FC5-5D0C-47B6-AB99-77186FD8430A}.Debug|x64.Build.0 = Debug|x64
		{C22C7FC5-5D0C-47B6-AB99-77186FD8430A}.Debug|x86.ActiveCfg = Debug|Win32
		{C22C7FC5-5D0C-47B6-AB99-77186FD8430A}.Debug|x86.Build.0 = Debug|Win32
		{C22C7FC5-5D0C-47B6-AB99-77186FD8430A}.Release|x64.ActiveCfg = Release|x64
		{C22C7FC5-5D0C-47B6-AB99-77186FD8430A}.Release|x64.Build.0 = Release|x64
		{C22C7FC5-5D0C-47B6-AB99-77186FD8430A}.Release|x86.ActiveCfg = Release|Win32
		{C22C7FC5-5D0C-47B6-AB99-77186FD8430A}.Release|x86.Build.0 = Release|Win32
		{C1BCD525-36D4-4E51-AA35-7B50D4DBEEFD}.Debug|x64.ActiveCfg = Debug|x64
		{C1BCD525-36D4-4E51-AA35-7B50D4DBEEFD}.Debug|x64.Build.0 = Debug|x64
		{C1BCD525-36D4-4E51-AA35-7B50D4DBEEFD}.Debug|x86.ActiveCfg = Debug|Win32
		{C1BCD525-36D4-4E51-AA35-7B50D4DBEEFD}.Debug|x86.Build.0 = Debug|Win32
		{C1BCD525-36D4-4E51-AA35-7B50D4DBEEFD}.Release|x64.ActiveCfg = Release|x64
		{C1BCD525-36D4-4E51-AA35-7B50D4DBEEFD}.Release|x64.Build.0 = Release|x64
		{C1BCD525-36D4-4E51-AA35-7B50D4DBEEFD}.Release|x86.ActiveCfg = Release|Win32
		{C1BCD525-36D4-4E51-AA35-7B50D4DBEEFD}.Release|x86.Build.0 = Release|Win32
	EndGlobalSection
	GlobalSection(SolutionProperties) = preSolution
		HideSolutionNode = FALSE
	EndGlobalSection
	GlobalSection(ExtensibilityGlobals) = postSolution
		SolutionGuid = {33376577-5D09-470C-B828-ACACFD9C7DC0}
	EndGlobalSection
EndGlobal
